// !$*UTF8*$!
{
	archiveVersion = 1;
	classes = {
	};
	objectVersion = 50;
	objects = {

/* Begin PBXBuildFile section */
		85CB9BE723E02F33007E105D /* AppDelegate.swift in Sources */ = {isa = PBXBuildFile; fileRef = 85CB9BE623E02F33007E105D /* AppDelegate.swift */; };
		85CB9BE923E02F33007E105D /* SceneDelegate.swift in Sources */ = {isa = PBXBuildFile; fileRef = 85CB9BE823E02F33007E105D /* SceneDelegate.swift */; };
		85CB9BEB23E02F33007E105D /* ViewController.swift in Sources */ = {isa = PBXBuildFile; fileRef = 85CB9BEA23E02F33007E105D /* ViewController.swift */; };
		85CB9BEE23E02F33007E105D /* Main.storyboard in Resources */ = {isa = PBXBuildFile; fileRef = 85CB9BEC23E02F33007E105D /* Main.storyboard */; };
		85CB9BF023E02F34007E105D /* Assets.xcassets in Resources */ = {isa = PBXBuildFile; fileRef = 85CB9BEF23E02F34007E105D /* Assets.xcassets */; };
		85CB9BF323E02F34007E105D /* LaunchScreen.storyboard in Resources */ = {isa = PBXBuildFile; fileRef = 85CB9BF123E02F34007E105D /* LaunchScreen.storyboard */; };
		85CB9BFC23E03D0D007E105D /* After Noon.png in Resources */ = {isa = PBXBuildFile; fileRef = 85CB9BFB23E03D0D007E105D /* After Noon.png */; };
/* End PBXBuildFile section */

/* Begin PBXFileReference section */
		85CB9BE323E02F33007E105D /* Lesson_1.app */ = {isa = PBXFileReference; explicitFileType = wrapper.application; includeInIndex = 0; path = Lesson_1.app; sourceTree = BUILT_PRODUCTS_DIR; };
		85CB9BE623E02F33007E105D /* AppDelegate.swift */ = {isa = PBXFileReference; lastKnownFileType = sourcecode.swift; path = AppDelegate.swift; sourceTree = "<group>"; };
		85CB9BE823E02F33007E105D /* SceneDelegate.swift */ = {isa = PBXFileReference; lastKnownFileType = sourcecode.swift; path = SceneDelegate.swift; sourceTree = "<group>"; };
		85CB9BEA23E02F33007E105D /* ViewController.swift */ = {isa = PBXFileReference; lastKnownFileType = sourcecode.swift; path = ViewController.swift; sourceTree = "<group>"; };
		85CB9BED23E02F33007E105D /* Base */ = {isa = PBXFileReference; lastKnownFileType = file.storyboard; name = Base; path = Base.lproj/Main.storyboard; sourceTree = "<group>"; };
		85CB9BEF23E02F34007E105D /* Assets.xcassets */ = {isa = PBXFileReference; lastKnownFileType = folder.assetcatalog; path = Assets.xcassets; sourceTree = "<group>"; };
		85CB9BF223E02F34007E105D /* Base */ = {isa = PBXFileReference; lastKnownFileType = file.storyboard; name = Base; path = Base.lproj/LaunchScreen.storyboard; sourceTree = "<group>"; };
		85CB9BF423E02F34007E105D /* Info.plist */ = {isa = PBXFileReference; lastKnownFileType = text.plist.xml; path = Info.plist; sourceTree = "<group>"; };
		85CB9BFB23E03D0D007E105D /* After Noon.png */ = {isa = PBXFileReference; lastKnownFileType = image.png; path = "After Noon.png"; sourceTree = "<group>"; };
/* End PBXFileReference section */

/* Begin PBXFrameworksBuildPhase section */
		85CB9BE023E02F33007E105D /* Frameworks */ = {
			isa = PBXFrameworksBuildPhase;
			buildActionMask = 2147483647;
			files = (
			);
			runOnlyForDeploymentPostprocessing = 0;
		};
/* End PBXFrameworksBuildPhase section */

/* Begin PBXGroup section */
		85CB9BDA23E02F33007E105D = {
			isa = PBXGroup;
			children = (
				85CB9BE523E02F33007E105D /* Lesson_1 */,
				85CB9BE423E02F33007E105D /* Products */,
			);
			sourceTree = "<group>";
		};
		85CB9BE423E02F33007E105D /* Products */ = {
			isa = PBXGroup;
			children = (
				85CB9BE323E02F33007E105D /* Lesson_1.app */,
			);
			name = Products;
			sourceTree = "<group>";
		};
		85CB9BE523E02F33007E105D /* Lesson_1 */ = {
			isa = PBXGroup;
			children = (
				85CB9BFA23E03CD7007E105D /* img */,
				85CB9BE623E02F33007E105D /* AppDelegate.swift */,
				85CB9BE823E02F33007E105D /* SceneDelegate.swift */,
				85CB9BEA23E02F33007E105D /* ViewController.swift */,
				85CB9BEC23E02F33007E105D /* Main.storyboard */,
				85CB9BEF23E02F34007E105D /* Assets.xcassets */,
				85CB9BF123E02F34007E105D /* LaunchScreen.storyboard */,
				85CB9BF423E02F34007E105D /* Info.plist */,
			);
			path = Lesson_1;
			sourceTree = "<group>";
		};
		85CB9BFA23E03CD7007E105D /* img */ = {
			isa = PBXGroup;
			children = (
				85CB9BFB23E03D0D007E105D /* After Noon.png */,
			);
			path = img;
			sourceTree = "<group>";
		};
/* End PBXGroup section */

/* Begin PBXNativeTarget section */
		85CB9BE223E02F33007E105D /* Lesson_1 */ = {
			isa = PBXNativeTarget;
			buildConfigurationList = 85CB9BF723E02F34007E105D /* Build configuration list for PBXNativeTarget "Lesson_1" */;
			buildPhases = (
				85CB9BDF23E02F33007E105D /* Sources */,
				85CB9BE023E02F33007E105D /* Frameworks */,
				85CB9BE123E02F33007E105D /* Resources */,
			);
			buildRules = (
			);
			dependencies = (
			);
			name = Lesson_1;
			productName = Lesson_1;
			productReference = 85CB9BE323E02F33007E105D /* Lesson_1.app */;
			productType = "com.apple.product-type.application";
		};
/* End PBXNativeTarget section */

/* Begin PBXProject section */
		85CB9BDB23E02F33007E105D /* Project object */ = {
			isa = PBXProject;
			attributes = {
				LastSwiftUpdateCheck = 1130;
				LastUpgradeCheck = 1130;
				ORGANIZATIONNAME = "Evgeny Kolesnik";
				TargetAttributes = {
					85CB9BE223E02F33007E105D = {
						CreatedOnToolsVersion = 11.3.1;
					};
				};
			};
			buildConfigurationList = 85CB9BDE23E02F33007E105D /* Build configuration list for PBXProject "Lesson_1" */;
			compatibilityVersion = "Xcode 9.3";
			developmentRegion = en;
			hasScannedForEncodings = 0;
			knownRegions = (
				en,
				Base,
			);
			mainGroup = 85CB9BDA23E02F33007E105D;
			productRefGroup = 85CB9BE423E02F33007E105D /* Products */;
			projectDirPath = "";
			projectRoot = "";
			targets = (
				85CB9BE223E02F33007E105D /* Lesson_1 */,
			);
		};
/* End PBXProject section */

/* Begin PBXResourcesBuildPhase section */
		85CB9BE123E02F33007E105D /* Resources */ = {
			isa = PBXResourcesBuildPhase;
			buildActionMask = 2147483647;
			files = (
				85CB9BF323E02F34007E105D /* LaunchScreen.storyboard in Resources */,
				85CB9BFC23E03D0D007E105D /* After Noon.png in Resources */,
				85CB9BF023E02F34007E105D /* Assets.xcassets in Resources */,
				85CB9BEE23E02F33007E105D /* Main.storyboard in Resources */,
			);
			runOnlyForDeploymentPostprocessing = 0;
		};
/* End PBXResourcesBuildPhase section */

/* Begin PBXSourcesBuildPhase section */
		85CB9BDF23E02F33007E105D /* Sources */ = {
			isa = PBXSourcesBuildPhase;
			buildActionMask = 2147483647;
			files = (
				85CB9BEB23E02F33007E105D /* ViewController.swift in Sources */,
				85CB9BE723E02F33007E105D /* AppDelegate.swift in Sources */,
				85CB9BE923E02F33007E105D /* SceneDelegate.swift in Sources */,
			);
			runOnlyForDeploymentPostprocessing = 0;
		};
/* End PBXSourcesBuildPhase section */

/* Begin PBXVariantGroup section */
		85CB9BEC23E02F33007E105D /* Main.storyboard */ = {
			isa = PBXVariantGroup;
			children = (
				85CB9BED23E02F33007E105D /* Base */,
			);
			name = Main.storyboard;
			sourceTree = "<group>";
		};
		85CB9BF123E02F34007E105D /* LaunchScreen.storyboard */ = {
			isa = PBXVariantGroup;
			children = (
				85CB9BF223E02F34007E105D /* Base */,
			);
			name = LaunchScreen.storyboard;
			sourceTree = "<group>";
		};
/* End PBXVariantGroup section */

/* Begin XCBuildConfiguration section */
		85CB9BF523E02F34007E105D /* Debug */ = {
			isa = XCBuildConfiguration;
			buildSettings = {
				ALWAYS_SEARCH_USER_PATHS = NO;
				CLANG_ANALYZER_NONNULL = YES;
				CLANG_ANALYZER_NUMBER_OBJECT_CONVERSION = YES_AGGRESSIVE;
				CLANG_CXX_LANGUAGE_STANDARD = "gnu++14";
				CLANG_CXX_LIBRARY = "libc++";
				CLANG_ENABLE_MODULES = YES;
				CLANG_ENABLE_OBJC_ARC = YES;
				CLANG_ENABLE_OBJC_WEAK = YES;
				CLANG_WARN_BLOCK_CAPTURE_AUTORELEASING = YES;
				CLANG_WARN_BOOL_CONVERSION = YES;
				CLANG_WARN_COMMA = YES;
				CLANG_WARN_CONSTANT_CONVERSION = YES;
				CLANG_WARN_DEPRECATED_OBJC_IMPLEMENTATIONS = YES;
				CLANG_WARN_DIRECT_OBJC_ISA_USAGE = YES_ERROR;
				CLANG_WARN_DOCUMENTATION_COMMENTS = YES;
				CLANG_WARN_EMPTY_BODY = YES;
				CLANG_WARN_ENUM_CONVERSION = YES;
				CLANG_WARN_INFINITE_RECURSION = YES;
				CLANG_WARN_INT_CONVERSION = YES;
				CLANG_WARN_NON_LITERAL_NULL_CONVERSION = YES;
				CLANG_WARN_OBJC_IMPLICIT_RETAIN_SELF = YES;
				CLANG_WARN_OBJC_LITERAL_CONVERSION = YES;
				CLANG_WARN_OBJC_ROOT_CLASS = YES_ERROR;
				CLANG_WARN_RANGE_LOOP_ANALYSIS = YES;
				CLANG_WARN_STRICT_PROTOTYPES = YES;
				CLANG_WARN_SUSPICIOUS_MOVE = YES;
				CLANG_WARN_UNGUARDED_AVAILABILITY = YES_AGGRESSIVE;
				CLANG_WARN_UNREACHABLE_CODE = YES;
				CLANG_WARN__DUPLICATE_METHOD_MATCH = YES;
				COPY_PHASE_STRIP = NO;
				DEBUG_INFORMATION_FORMAT = dwarf;
				ENABLE_STRICT_OBJC_MSGSEND = YES;
				ENABLE_TESTABILITY = YES;
				GCC_C_LANGUAGE_STANDARD = gnu11;
				GCC_DYNAMIC_NO_PIC = NO;
				GCC_NO_COMMON_BLOCKS = YES;
				GCC_OPTIMIZATION_LEVEL = 0;
				GCC_PREPROCESSOR_DEFINITIONS = (
					"DEBUG=1",
					"$(inherited)",
				);
				GCC_WARN_64_TO_32_BIT_CONVERSION = YES;
				GCC_WARN_ABOUT_RETURN_TYPE = YES_ERROR;
				GCC_WARN_UNDECLARED_SELECTOR = YES;
				GCC_WARN_UNINITIALIZED_AUTOS = YES_AGGRESSIVE;
				GCC_WARN_UNUSED_FUNCTION = YES;
				GCC_WARN_UNUSED_VARIABLE = YES;
				IPHONEOS_DEPLOYMENT_TARGET = 13.2;
				MTL_ENABLE_DEBUG_INFO = INCLUDE_SOURCE;
				MTL_FAST_MATH = YES;
				ONLY_ACTIVE_ARCH = YES;
				SDKROOT = iphoneos;
				SWIFT_ACTIVE_COMPILATION_CONDITIONS = DEBUG;
				SWIFT_OPTIMIZATION_LEVEL = "-Onone";
			};
			name = Debug;
		};
		85CB9BF623E02F34007E105D /* Release */ = {
			isa = XCBuildConfiguration;
			buildSettings = {
				ALWAYS_SEARCH_USER_PATHS = NO;
				CLANG_ANALYZER_NONNULL = YES;
				CLANG_ANALYZER_NUMBER_OBJECT_CONVERSION = YES_AGGRESSIVE;
				CLANG_CXX_LANGUAGE_STANDARD = "gnu++14";
				CLANG_CXX_LIBRARY = "libc++";
				CLANG_ENABLE_MODULES = YES;
				CLANG_ENABLE_OBJC_ARC = YES;
				CLANG_ENABLE_OBJC_WEAK = YES;
				CLANG_WARN_BLOCK_CAPTURE_AUTORELEASING = YES;
				CLANG_WARN_BOOL_CONVERSION = YES;
				CLANG_WARN_COMMA = YES;
				CLANG_WARN_CONSTANT_CONVERSION = YES;
				CLANG_WARN_DEPRECATED_OBJC_IMPLEMENTATIONS = YES;
				CLANG_WARN_DIRECT_OBJC_ISA_USAGE = YES_ERROR;
				CLANG_WARN_DOCUMENTATION_COMMENTS = YES;
				CLANG_WARN_EMPTY_BODY = YES;
				CLANG_WARN_ENUM_CONVERSION = YES;
				CLANG_WARN_INFINITE_RECURSION = YES;
				CLANG_WARN_INT_CONVERSION = YES;
				CLANG_WARN_NON_LITERAL_NULL_CONVERSION = YES;
				CLANG_WARN_OBJC_IMPLICIT_RETAIN_SELF = YES;
				CLANG_WARN_OBJC_LITERAL_CONVERSION = YES;
				CLANG_WARN_OBJC_ROOT_CLASS = YES_ERROR;
				CLANG_WARN_RANGE_LOOP_ANALYSIS = YES;
				CLANG_WARN_STRICT_PROTOTYPES = YES;
				CLANG_WARN_SUSPICIOUS_MOVE = YES;
				CLANG_WARN_UNGUARDED_AVAILABILITY = YES_AGGRESSIVE;
				CLANG_WARN_UNREACHABLE_CODE = YES;
				CLANG_WARN__DUPLICATE_METHOD_MATCH = YES;
				COPY_PHASE_STRIP = NO;
				DEBUG_INFORMATION_FORMAT = "dwarf-with-dsym";
				ENABLE_NS_ASSERTIONS = NO;
				ENABLE_STRICT_OBJC_MSGSEND = YES;
				GCC_C_LANGUAGE_STANDARD = gnu11;
				GCC_NO_COMMON_BLOCKS = YES;
				GCC_WARN_64_TO_32_BIT_CONVERSION = YES;
				GCC_WARN_ABOUT_RETURN_TYPE = YES_ERROR;
				GCC_WARN_UNDECLARED_SELECTOR = YES;
				GCC_WARN_UNINITIALIZED_AUTOS = YES_AGGRESSIVE;
				GCC_WARN_UNUSED_FUNCTION = YES;
				GCC_WARN_UNUSED_VARIABLE = YES;
				IPHONEOS_DEPLOYMENT_TARGET = 13.2;
				MTL_ENABLE_DEBUG_INFO = NO;
				MTL_FAST_MATH = YES;
				SDKROOT = iphoneos;
				SWIFT_COMPILATION_MODE = wholemodule;
				SWIFT_OPTIMIZATION_LEVEL = "-O";
				VALIDATE_PRODUCT = YES;
			};
			name = Release;
		};
		85CB9BF823E02F34007E105D /* Debug */ = {
			isa = XCBuildConfiguration;
			buildSettings = {
				ASSETCATALOG_COMPILER_APPICON_NAME = AppIcon;
				CODE_SIGN_STYLE = Automatic;
				DEVELOPMENT_TEAM = W6ZDKVB5LR;
				INFOPLIST_FILE = Lesson_1/Info.plist;
				LD_RUNPATH_SEARCH_PATHS = (
					"$(inherited)",
					"@executable_path/Frameworks",
				);
				PRODUCT_BUNDLE_IDENTIFIER = "EK.Lesson-1";
				PRODUCT_NAME = "$(TARGET_NAME)";
				SWIFT_VERSION = 5.0;
				TARGETED_DEVICE_FAMILY = "1,2";
			};
			name = Debug;
		};
		85CB9BF923E02F34007E105D /* Release */ = {
			isa = XCBuildConfiguration;
			buildSettings = {
				ASSETCATALOG_COMPILER_APPICON_NAME = AppIcon;
				CODE_SIGN_STYLE = Automatic;
				DEVELOPMENT_TEAM = W6ZDKVB5LR;
				INFOPLIST_FILE = Lesson_1/Info.plist;
				LD_RUNPATH_SEARCH_PATHS = (
					"$(inherited)",
					"@executable_path/Frameworks",
				);
				PRODUCT_BUNDLE_IDENTIFIER = "EK.Lesson-1";
				PRODUCT_NAME = "$(TARGET_NAME)";
				SWIFT_VERSION = 5.0;
				TARGETED_DEVICE_FAMILY = "1,2";
			};
			name = Release;
		};
/* End XCBuildConfiguration section */

/* Begin XCConfigurationList section */
		85CB9BDE23E02F33007E105D /* Build configuration list for PBXProject "Lesson_1" */ = {
			isa = XCConfigurationList;
			buildConfigurations = (
				85CB9BF523E02F34007E105D /* Debug */,
				85CB9BF623E02F34007E105D /* Release */,
			);
			defaultConfigurationIsVisible = 0;
			defaultConfigurationName = Release;
		};
		85CB9BF723E02F34007E105D /* Build configuration list for PBXNativeTarget "Lesson_1" */ = {
			isa = XCConfigurationList;
			buildConfigurations = (
				85CB9BF823E02F34007E105D /* Debug */,
				85CB9BF923E02F34007E105D /* Release */,
			);
			defaultConfigurationIsVisible = 0;
			defaultConfigurationName = Release;
		};
/* End XCConfigurationList section */
	};
	rootObject = 85CB9BDB23E02F33007E105D /* Project object */;
}
